
Microsoft Visual Studio Solution File, Format Version 12.00
# Visual Studio 15
VisualStudioVersion = 15.0.28307.757
MinimumVisualStudioVersion = 10.0.40219.1
Project("{FAE04EC0-301F-11D3-BF4B-00C04F79EFBC}") = "App", "App\App.csproj", "{C0D98DB6-1973-4D33-B9C5-7A89130896CA}"
EndProject
Global
	GlobalSection(SolutionConfigurationPlatforms) = preSolution
		Debug|Any CPU = Debug|Any CPU
		Release|Any CPU = Release|Any CPU
	EndGlobalSection
	GlobalSection(ProjectConfigurationPlatforms) = postSolution
		{C0D98DB6-1973-4D33-B9C5-7A89130896CA}.Debug|Any CPU.ActiveCfg = Debug|Any CPU
		{C0D98DB6-1973-4D33-B9C5-7A89130896CA}.Debug|Any CPU.Build.0 = Debug|Any CPU
		{C0D98DB6-1973-4D33-B9C5-7A89130896CA}.Release|Any CPU.ActiveCfg = Release|Any CPU
		{C0D98DB6-1973-4D33-B9C5-7A89130896CA}.Release|Any CPU.Build.0 = Release|Any CPU
	EndGlobalSection
	GlobalSection(SolutionProperties) = preSolution
		HideSolutionNode = FALSE
	EndGlobalSection
	GlobalSection(ExtensibilityGlobals) = postSolution
		SolutionGuid = {C1BBACC1-78F5-4B77-A958-4D78201BA34C}
	EndGlobalSection
EndGlobal
